PODS:
  - SSZipArchive (2.5.5)
  - TensorFlowLiteC (2.17.0):
    - TensorFlowLiteC/Core (= 2.17.0)
  - TensorFlowLiteC/Core (2.17.0)
  - TensorFlowLiteSwift (2.17.0):
    - TensorFlowLiteSwift/Core (= 2.17.0)
  - TensorFlowLiteSwift/Core (2.17.0):
    - TensorFlowLiteC (= 2.17.0)
    - TensorFlowLiteSwift/Privacy (= 2.17.0)
  - TensorFlowLiteSwift/Privacy (2.17.0)
  - TensorFlowLiteTaskVision (0.4.3)

DEPENDENCIES:
  - SSZipArchive
  - TensorFlowLiteSwift
  - TensorFlowLiteTaskVision

SPEC REPOS:
  trunk:
    - SSZipArchive
    - TensorFlowLiteC
    - TensorFlowLiteSwift
    - TensorFlowLiteTaskVision

SPEC CHECKSUMS:
  SSZipArchive: c69881e8ac5521f0e622291387add5f60f30f3c4
  TensorFlowLiteC: eac6d689a8d391d1b202dc59e3d9165ba64aaf73
  TensorFlowLiteSwift: 723fe42222815e72490c79feeff05305530de393
  TensorFlowLiteTaskVision: 125d5b49d325ba2cf3938454da5f74a1cbfe0552

PODFILE CHECKSUM: b80f76955661b6ffbca18489f01897d70db9fc2c

COCOAPODS: 1.15.2
