// !$*UTF8*$!
{
	archiveVersion = 1;
	classes = {
	};
	objectVersion = 56;
	objects = {

/* Begin PBXBuildFile section */
		0602460D2CA653F700C063FB /* TFLiteExtension.swift in Sources */ = {isa = PBXBuildFile; fileRef = 0602460C2CA653F700C063FB /* TFLiteExtension.swift */; };
		0602460F2CA6580200C063FB /* dc_test.tflite in Resources */ = {isa = PBXBuildFile; fileRef = 0602460E2CA6580200C063FB /* dc_test.tflite */; };
		069BDF522CA59F39000A2126 /* DataCollectionApp.swift in Sources */ = {isa = PBXBuildFile; fileRef = 069BDF512CA59F39000A2126 /* DataCollectionApp.swift */; };
		069BDF542CA59F39000A2126 /* ContentView.swift in Sources */ = {isa = PBXBuildFile; fileRef = 069BDF532CA59F39000A2126 /* ContentView.swift */; };
		069BDF562CA59F3A000A2126 /* Assets.xcassets in Resources */ = {isa = PBXBuildFile; fileRef = 069BDF552CA59F3A000A2126 /* Assets.xcassets */; };
		069BDF592CA59F3A000A2126 /* Preview Assets.xcassets in Resources */ = {isa = PBXBuildFile; fileRef = 069BDF582CA59F3A000A2126 /* Preview Assets.xcassets */; };
		069BDF602CA59F9E000A2126 /* TabBarView.swift in Sources */ = {isa = PBXBuildFile; fileRef = 069BDF5F2CA59F9E000A2126 /* TabBarView.swift */; };
		069BDF622CA59FB1000A2126 /* PeripheralWrapper.swift in Sources */ = {isa = PBXBuildFile; fileRef = 069BDF612CA59FB1000A2126 /* PeripheralWrapper.swift */; };
		069BDF642CA59FCC000A2126 /* PeripheralRow.swift in Sources */ = {isa = PBXBuildFile; fileRef = 069BDF632CA59FCC000A2126 /* PeripheralRow.swift */; };
		069BDF662CA59FDD000A2126 /* ParamsView.swift in Sources */ = {isa = PBXBuildFile; fileRef = 069BDF652CA59FDD000A2126 /* ParamsView.swift */; };
		069BDF682CA59FEC000A2126 /* ParamRow.swift in Sources */ = {isa = PBXBuildFile; fileRef = 069BDF672CA59FEC000A2126 /* ParamRow.swift */; };
		069BDF6A2CA59FFC000A2126 /* paramHandleType.swift in Sources */ = {isa = PBXBuildFile; fileRef = 069BDF692CA59FFC000A2126 /* paramHandleType.swift */; };
		069BDF6C2CA5A00B000A2126 /* OBDIIScanner.swift in Sources */ = {isa = PBXBuildFile; fileRef = 069BDF6B2CA5A00B000A2126 /* OBDIIScanner.swift */; };
		069BDF6E2CA5A01A000A2126 /* OBDIICommand.swift in Sources */ = {isa = PBXBuildFile; fileRef = 069BDF6D2CA5A01A000A2126 /* OBDIICommand.swift */; };
		069BDF702CA5A029000A2126 /* MonitorButton.swift in Sources */ = {isa = PBXBuildFile; fileRef = 069BDF6F2CA5A029000A2126 /* MonitorButton.swift */; };
		069BDF722CA5A040000A2126 /* ManageDeviceView.swift in Sources */ = {isa = PBXBuildFile; fileRef = 069BDF712CA5A040000A2126 /* ManageDeviceView.swift */; };
		069BDF742CA5A049000A2126 /* Log.swift in Sources */ = {isa = PBXBuildFile; fileRef = 069BDF732CA5A049000A2126 /* Log.swift */; };
		069BDF762CA5A064000A2126 /* HomeView.swift in Sources */ = {isa = PBXBuildFile; fileRef = 069BDF752CA5A064000A2126 /* HomeView.swift */; };
		069BDF782CA5A070000A2126 /* HistoryView.swift in Sources */ = {isa = PBXBuildFile; fileRef = 069BDF772CA5A070000A2126 /* HistoryView.swift */; };
		069BDF7A2CA5A082000A2126 /* FeatureView.swift in Sources */ = {isa = PBXBuildFile; fileRef = 069BDF792CA5A082000A2126 /* FeatureView.swift */; };
		069BDF7C2CA5A098000A2126 /* CustomViewModifier.swift in Sources */ = {isa = PBXBuildFile; fileRef = 069BDF7B2CA5A098000A2126 /* CustomViewModifier.swift */; };
		069BDF7E2CA5A0BD000A2126 /* CollectionListRepresentable.swift in Sources */ = {isa = PBXBuildFile; fileRef = 069BDF7D2CA5A0BD000A2126 /* CollectionListRepresentable.swift */; };
		069BDF802CA5A0CB000A2126 /* CollectionList.swift in Sources */ = {isa = PBXBuildFile; fileRef = 069BDF7F2CA5A0CB000A2126 /* CollectionList.swift */; };
		069BDF822CA5A0E2000A2126 /* BackButtonView.swift in Sources */ = {isa = PBXBuildFile; fileRef = 069BDF812CA5A0E2000A2126 /* BackButtonView.swift */; };
		069BDF842CA5A0FB000A2126 /* AllDataProvider.swift in Sources */ = {isa = PBXBuildFile; fileRef = 069BDF832CA5A0FB000A2126 /* AllDataProvider.swift */; };
		069BDF862CA5A10D000A2126 /* GyroscopeProvider.swift in Sources */ = {isa = PBXBuildFile; fileRef = 069BDF852CA5A10D000A2126 /* GyroscopeProvider.swift */; };
		069BDF882CA5A129000A2126 /* GPSProvider.swift in Sources */ = {isa = PBXBuildFile; fileRef = 069BDF872CA5A129000A2126 /* GPSProvider.swift */; };
		069BDF8A2CA5A13A000A2126 /* AccelerometerProvider.swift in Sources */ = {isa = PBXBuildFile; fileRef = 069BDF892CA5A13A000A2126 /* AccelerometerProvider.swift */; };
		069BDF8C2CA5A15A000A2126 /* SamplingManager.swift in Sources */ = {isa = PBXBuildFile; fileRef = 069BDF8B2CA5A15A000A2126 /* SamplingManager.swift */; };
		069BDF8E2CA5A165000A2126 /* RegularDataManager.swift in Sources */ = {isa = PBXBuildFile; fileRef = 069BDF8D2CA5A165000A2126 /* RegularDataManager.swift */; };
		069BDF902CA5A175000A2126 /* OBDIIDataManager.swift in Sources */ = {isa = PBXBuildFile; fileRef = 069BDF8F2CA5A175000A2126 /* OBDIIDataManager.swift */; };
		069BDF922CA5A181000A2126 /* CameraManager.swift in Sources */ = {isa = PBXBuildFile; fileRef = 069BDF912CA5A181000A2126 /* CameraManager.swift */; };
		069BDF942CA5A19C000A2126 /* BluetoothManager.swift in Sources */ = {isa = PBXBuildFile; fileRef = 069BDF932CA5A19C000A2126 /* BluetoothManager.swift */; };
		069BDF962CA5A1B2000A2126 /* UIDeviceOrientation.swift in Sources */ = {isa = PBXBuildFile; fileRef = 069BDF952CA5A1B2000A2126 /* UIDeviceOrientation.swift */; };
		069BDF982CA5A1C1000A2126 /* ClassificationManager.swift in Sources */ = {isa = PBXBuildFile; fileRef = 069BDF972CA5A1C1000A2126 /* ClassificationManager.swift */; };
		069BDF9A2CA5A1D1000A2126 /* CameraViewControlledRepresentable.swift in Sources */ = {isa = PBXBuildFile; fileRef = 069BDF992CA5A1D1000A2126 /* CameraViewControlledRepresentable.swift */; };
		069BDF9C2CA5A1DD000A2126 /* CameraViewController.swift in Sources */ = {isa = PBXBuildFile; fileRef = 069BDF9B2CA5A1DD000A2126 /* CameraViewController.swift */; };
		069BDF9E2CA5A1E8000A2126 /* CameraView.swift in Sources */ = {isa = PBXBuildFile; fileRef = 069BDF9D2CA5A1E8000A2126 /* CameraView.swift */; };
		35A795857C15AD9E579340E1 /* Pods_DataCollection.framework in Frameworks */ = {isa = PBXBuildFile; fileRef = 6E6861FD0E70F86D082B7AF9 /* Pods_DataCollection.framework */; };
/* End PBXBuildFile section */

/* Begin PBXFileReference section */
		0602460C2CA653F700C063FB /* TFLiteExtension.swift */ = {isa = PBXFileReference; lastKnownFileType = sourcecode.swift; path = TFLiteExtension.swift; sourceTree = "<group>"; };
		0602460E2CA6580200C063FB /* dc_test.tflite */ = {isa = PBXFileReference; lastKnownFileType = file; path = dc_test.tflite; sourceTree = "<group>"; };
		069BDF4E2CA59F39000A2126 /* DataCollection.app */ = {isa = PBXFileReference; explicitFileType = wrapper.application; includeInIndex = 0; path = DataCollection.app; sourceTree = BUILT_PRODUCTS_DIR; };
		069BDF512CA59F39000A2126 /* DataCollectionApp.swift */ = {isa = PBXFileReference; lastKnownFileType = sourcecode.swift; path = DataCollectionApp.swift; sourceTree = "<group>"; };
		069BDF532CA59F39000A2126 /* ContentView.swift */ = {isa = PBXFileReference; lastKnownFileType = sourcecode.swift; path = ContentView.swift; sourceTree = "<group>"; };
		069BDF552CA59F3A000A2126 /* Assets.xcassets */ = {isa = PBXFileReference; lastKnownFileType = folder.assetcatalog; path = Assets.xcassets; sourceTree = "<group>"; };
		069BDF582CA59F3A000A2126 /* Preview Assets.xcassets */ = {isa = PBXFileReference; lastKnownFileType = folder.assetcatalog; path = "Preview Assets.xcassets"; sourceTree = "<group>"; };
		069BDF5F2CA59F9E000A2126 /* TabBarView.swift */ = {isa = PBXFileReference; lastKnownFileType = sourcecode.swift; path = TabBarView.swift; sourceTree = "<group>"; };
		069BDF612CA59FB1000A2126 /* PeripheralWrapper.swift */ = {isa = PBXFileReference; lastKnownFileType = sourcecode.swift; path = PeripheralWrapper.swift; sourceTree = "<group>"; };
		069BDF632CA59FCC000A2126 /* PeripheralRow.swift */ = {isa = PBXFileReference; lastKnownFileType = sourcecode.swift; path = PeripheralRow.swift; sourceTree = "<group>"; };
		069BDF652CA59FDD000A2126 /* ParamsView.swift */ = {isa = PBXFileReference; lastKnownFileType = sourcecode.swift; path = ParamsView.swift; sourceTree = "<group>"; };
		069BDF672CA59FEC000A2126 /* ParamRow.swift */ = {isa = PBXFileReference; lastKnownFileType = sourcecode.swift; path = ParamRow.swift; sourceTree = "<group>"; };
		069BDF692CA59FFC000A2126 /* paramHandleType.swift */ = {isa = PBXFileReference; lastKnownFileType = sourcecode.swift; path = paramHandleType.swift; sourceTree = "<group>"; };
		069BDF6B2CA5A00B000A2126 /* OBDIIScanner.swift */ = {isa = PBXFileReference; lastKnownFileType = sourcecode.swift; path = OBDIIScanner.swift; sourceTree = "<group>"; };
		069BDF6D2CA5A01A000A2126 /* OBDIICommand.swift */ = {isa = PBXFileReference; lastKnownFileType = sourcecode.swift; path = OBDIICommand.swift; sourceTree = "<group>"; };
		069BDF6F2CA5A029000A2126 /* MonitorButton.swift */ = {isa = PBXFileReference; lastKnownFileType = sourcecode.swift; path = MonitorButton.swift; sourceTree = "<group>"; };
		069BDF712CA5A040000A2126 /* ManageDeviceView.swift */ = {isa = PBXFileReference; lastKnownFileType = sourcecode.swift; path = ManageDeviceView.swift; sourceTree = "<group>"; };
		069BDF732CA5A049000A2126 /* Log.swift */ = {isa = PBXFileReference; lastKnownFileType = sourcecode.swift; path = Log.swift; sourceTree = "<group>"; };
		069BDF752CA5A064000A2126 /* HomeView.swift */ = {isa = PBXFileReference; lastKnownFileType = sourcecode.swift; path = HomeView.swift; sourceTree = "<group>"; };
		069BDF772CA5A070000A2126 /* HistoryView.swift */ = {isa = PBXFileReference; lastKnownFileType = sourcecode.swift; path = HistoryView.swift; sourceTree = "<group>"; };
		069BDF792CA5A082000A2126 /* FeatureView.swift */ = {isa = PBXFileReference; lastKnownFileType = sourcecode.swift; path = FeatureView.swift; sourceTree = "<group>"; };
		069BDF7B2CA5A098000A2126 /* CustomViewModifier.swift */ = {isa = PBXFileReference; lastKnownFileType = sourcecode.swift; path = CustomViewModifier.swift; sourceTree = "<group>"; };
		069BDF7D2CA5A0BD000A2126 /* CollectionListRepresentable.swift */ = {isa = PBXFileReference; lastKnownFileType = sourcecode.swift; path = CollectionListRepresentable.swift; sourceTree = "<group>"; };
		069BDF7F2CA5A0CB000A2126 /* CollectionList.swift */ = {isa = PBXFileReference; lastKnownFileType = sourcecode.swift; path = CollectionList.swift; sourceTree = "<group>"; };
		069BDF812CA5A0E2000A2126 /* BackButtonView.swift */ = {isa = PBXFileReference; lastKnownFileType = sourcecode.swift; path = BackButtonView.swift; sourceTree = "<group>"; };
		069BDF832CA5A0FB000A2126 /* AllDataProvider.swift */ = {isa = PBXFileReference; lastKnownFileType = sourcecode.swift; path = AllDataProvider.swift; sourceTree = "<group>"; };
		069BDF852CA5A10D000A2126 /* GyroscopeProvider.swift */ = {isa = PBXFileReference; lastKnownFileType = sourcecode.swift; path = GyroscopeProvider.swift; sourceTree = "<group>"; };
		069BDF872CA5A129000A2126 /* GPSProvider.swift */ = {isa = PBXFileReference; lastKnownFileType = sourcecode.swift; path = GPSProvider.swift; sourceTree = "<group>"; };
		069BDF892CA5A13A000A2126 /* AccelerometerProvider.swift */ = {isa = PBXFileReference; lastKnownFileType = sourcecode.swift; path = AccelerometerProvider.swift; sourceTree = "<group>"; };
		069BDF8B2CA5A15A000A2126 /* SamplingManager.swift */ = {isa = PBXFileReference; lastKnownFileType = sourcecode.swift; path = SamplingManager.swift; sourceTree = "<group>"; };
		069BDF8D2CA5A165000A2126 /* RegularDataManager.swift */ = {isa = PBXFileReference; lastKnownFileType = sourcecode.swift; path = RegularDataManager.swift; sourceTree = "<group>"; };
		069BDF8F2CA5A175000A2126 /* OBDIIDataManager.swift */ = {isa = PBXFileReference; lastKnownFileType = sourcecode.swift; path = OBDIIDataManager.swift; sourceTree = "<group>"; };
		069BDF912CA5A181000A2126 /* CameraManager.swift */ = {isa = PBXFileReference; lastKnownFileType = sourcecode.swift; path = CameraManager.swift; sourceTree = "<group>"; };
		069BDF932CA5A19C000A2126 /* BluetoothManager.swift */ = {isa = PBXFileReference; lastKnownFileType = sourcecode.swift; path = BluetoothManager.swift; sourceTree = "<group>"; };
		069BDF952CA5A1B2000A2126 /* UIDeviceOrientation.swift */ = {isa = PBXFileReference; lastKnownFileType = sourcecode.swift; path = UIDeviceOrientation.swift; sourceTree = "<group>"; };
		069BDF972CA5A1C1000A2126 /* ClassificationManager.swift */ = {isa = PBXFileReference; lastKnownFileType = sourcecode.swift; path = ClassificationManager.swift; sourceTree = "<group>"; };
		069BDF992CA5A1D1000A2126 /* CameraViewControlledRepresentable.swift */ = {isa = PBXFileReference; lastKnownFileType = sourcecode.swift; path = CameraViewControlledRepresentable.swift; sourceTree = "<group>"; };
		069BDF9B2CA5A1DD000A2126 /* CameraViewController.swift */ = {isa = PBXFileReference; lastKnownFileType = sourcecode.swift; path = CameraViewController.swift; sourceTree = "<group>"; };
		069BDF9D2CA5A1E8000A2126 /* CameraView.swift */ = {isa = PBXFileReference; lastKnownFileType = sourcecode.swift; path = CameraView.swift; sourceTree = "<group>"; };
		069BDFA32CA5A451000A2126 /* Info.plist */ = {isa = PBXFileReference; lastKnownFileType = text.plist; path = Info.plist; sourceTree = "<group>"; };
		4905B9A3D7438D75228668BB /* Pods-DataCollection.debug.xcconfig */ = {isa = PBXFileReference; includeInIndex = 1; lastKnownFileType = text.xcconfig; name = "Pods-DataCollection.debug.xcconfig"; path = "Target Support Files/Pods-DataCollection/Pods-DataCollection.debug.xcconfig"; sourceTree = "<group>"; };
		6E6861FD0E70F86D082B7AF9 /* Pods_DataCollection.framework */ = {isa = PBXFileReference; explicitFileType = wrapper.framework; includeInIndex = 0; path = Pods_DataCollection.framework; sourceTree = BUILT_PRODUCTS_DIR; };
		F7EE52A5C0F580679EFDB2D5 /* Pods-DataCollection.release.xcconfig */ = {isa = PBXFileReference; includeInIndex = 1; lastKnownFileType = text.xcconfig; name = "Pods-DataCollection.release.xcconfig"; path = "Target Support Files/Pods-DataCollection/Pods-DataCollection.release.xcconfig"; sourceTree = "<group>"; };
/* End PBXFileReference section */

/* Begin PBXFrameworksBuildPhase section */
		069BDF4B2CA59F39000A2126 /* Frameworks */ = {
			isa = PBXFrameworksBuildPhase;
			buildActionMask = 2147483647;
			files = (
				35A795857C15AD9E579340E1 /* Pods_DataCollection.framework in Frameworks */,
			);
			runOnlyForDeploymentPostprocessing = 0;
		};
/* End PBXFrameworksBuildPhase section */

/* Begin PBXGroup section */
		060246052CA62AAB00C063FB /* tfliteModels */ = {
			isa = PBXGroup;
			children = (
				0602460E2CA6580200C063FB /* dc_test.tflite */,
			);
			path = tfliteModels;
			sourceTree = "<group>";
		};
		069BDF452CA59F39000A2126 = {
			isa = PBXGroup;
			children = (
				069BDF502CA59F39000A2126 /* DataCollection */,
				069BDF4F2CA59F39000A2126 /* Products */,
				E147765E5B14D35075335AC7 /* Pods */,
				D1D16627D0A345CCB35EC942 /* Frameworks */,
			);
			sourceTree = "<group>";
		};
		069BDF4F2CA59F39000A2126 /* Products */ = {
			isa = PBXGroup;
			children = (
				069BDF4E2CA59F39000A2126 /* DataCollection.app */,
			);
			name = Products;
			sourceTree = "<group>";
		};
		069BDF502CA59F39000A2126 /* DataCollection */ = {
			isa = PBXGroup;
			children = (
				069BDFA32CA5A451000A2126 /* Info.plist */,
				069BDF512CA59F39000A2126 /* DataCollectionApp.swift */,
				069BDF532CA59F39000A2126 /* ContentView.swift */,
				069BDF5F2CA59F9E000A2126 /* TabBarView.swift */,
				069BDF792CA5A082000A2126 /* FeatureView.swift */,
				069BDF752CA5A064000A2126 /* HomeView.swift */,
				069BDF812CA5A0E2000A2126 /* BackButtonView.swift */,
				069BDF712CA5A040000A2126 /* ManageDeviceView.swift */,
				069BDF6F2CA5A029000A2126 /* MonitorButton.swift */,
				069BDF612CA59FB1000A2126 /* PeripheralWrapper.swift */,
				069BDF632CA59FCC000A2126 /* PeripheralRow.swift */,
				069BDFA22CA5A3A8000A2126 /* History */,
				069BDF652CA59FDD000A2126 /* ParamsView.swift */,
				069BDF672CA59FEC000A2126 /* ParamRow.swift */,
				069BDF692CA59FFC000A2126 /* paramHandleType.swift */,
				069BDF6B2CA5A00B000A2126 /* OBDIIScanner.swift */,
				069BDF6D2CA5A01A000A2126 /* OBDIICommand.swift */,
				069BDF732CA5A049000A2126 /* Log.swift */,
				0602460C2CA653F700C063FB /* TFLiteExtension.swift */,
				069BDFA12CA5A27D000A2126 /* Camera */,
				069BDFA02CA5A219000A2126 /* Providers */,
				069BDF9F2CA5A1FC000A2126 /* Managers */,
				060246052CA62AAB00C063FB /* tfliteModels */,
				069BDF552CA59F3A000A2126 /* Assets.xcassets */,
				069BDF572CA59F3A000A2126 /* Preview Content */,
			);
			path = DataCollection;
			sourceTree = "<group>";
		};
		069BDF572CA59F3A000A2126 /* Preview Content */ = {
			isa = PBXGroup;
			children = (
				069BDF582CA59F3A000A2126 /* Preview Assets.xcassets */,
			);
			path = "Preview Content";
			sourceTree = "<group>";
		};
		069BDF9F2CA5A1FC000A2126 /* Managers */ = {
			isa = PBXGroup;
			children = (
				069BDF8F2CA5A175000A2126 /* OBDIIDataManager.swift */,
				069BDF912CA5A181000A2126 /* CameraManager.swift */,
				069BDF932CA5A19C000A2126 /* BluetoothManager.swift */,
				069BDF8B2CA5A15A000A2126 /* SamplingManager.swift */,
				069BDF8D2CA5A165000A2126 /* RegularDataManager.swift */,
				069BDF972CA5A1C1000A2126 /* ClassificationManager.swift */,
			);
			path = Managers;
			sourceTree = "<group>";
		};
		069BDFA02CA5A219000A2126 /* Providers */ = {
			isa = PBXGroup;
			children = (
				069BDF832CA5A0FB000A2126 /* AllDataProvider.swift */,
				069BDF852CA5A10D000A2126 /* GyroscopeProvider.swift */,
				069BDF872CA5A129000A2126 /* GPSProvider.swift */,
				069BDF892CA5A13A000A2126 /* AccelerometerProvider.swift */,
			);
			path = Providers;
			sourceTree = "<group>";
		};
		069BDFA12CA5A27D000A2126 /* Camera */ = {
			isa = PBXGroup;
			children = (
				069BDF7B2CA5A098000A2126 /* CustomViewModifier.swift */,
				069BDF952CA5A1B2000A2126 /* UIDeviceOrientation.swift */,
				069BDF992CA5A1D1000A2126 /* CameraViewControlledRepresentable.swift */,
				069BDF9B2CA5A1DD000A2126 /* CameraViewController.swift */,
				069BDF9D2CA5A1E8000A2126 /* CameraView.swift */,
			);
			path = Camera;
			sourceTree = "<group>";
		};
		069BDFA22CA5A3A8000A2126 /* History */ = {
			isa = PBXGroup;
			children = (
				069BDF772CA5A070000A2126 /* HistoryView.swift */,
				069BDF7D2CA5A0BD000A2126 /* CollectionListRepresentable.swift */,
				069BDF7F2CA5A0CB000A2126 /* CollectionList.swift */,
			);
			path = History;
			sourceTree = "<group>";
		};
		D1D16627D0A345CCB35EC942 /* Frameworks */ = {
			isa = PBXGroup;
			children = (
				6E6861FD0E70F86D082B7AF9 /* Pods_DataCollection.framework */,
			);
			name = Frameworks;
			sourceTree = "<group>";
		};
		E147765E5B14D35075335AC7 /* Pods */ = {
			isa = PBXGroup;
			children = (
				4905B9A3D7438D75228668BB /* Pods-DataCollection.debug.xcconfig */,
				F7EE52A5C0F580679EFDB2D5 /* Pods-DataCollection.release.xcconfig */,
			);
			path = Pods;
			sourceTree = "<group>";
		};
/* End PBXGroup section */

/* Begin PBXNativeTarget section */
		069BDF4D2CA59F39000A2126 /* DataCollection */ = {
			isa = PBXNativeTarget;
			buildConfigurationList = 069BDF5C2CA59F3A000A2126 /* Build configuration list for PBXNativeTarget "DataCollection" */;
			buildPhases = (
				16885086DB032EAFB2ADF57F /* [CP] Check Pods Manifest.lock */,
				069BDF4A2CA59F39000A2126 /* Sources */,
				069BDF4B2CA59F39000A2126 /* Frameworks */,
				069BDF4C2CA59F39000A2126 /* Resources */,
				6D5E51CBB1437E6A308E5A68 /* [CP] Embed Pods Frameworks */,
				F69C22C644F024503005158D /* [CP] Copy Pods Resources */,
			);
			buildRules = (
			);
			dependencies = (
			);
			name = DataCollection;
			productName = DataCollection;
			productReference = 069BDF4E2CA59F39000A2126 /* DataCollection.app */;
			productType = "com.apple.product-type.application";
		};
/* End PBXNativeTarget section */

/* Begin PBXProject section */
		069BDF462CA59F39000A2126 /* Project object */ = {
			isa = PBXProject;
			attributes = {
				BuildIndependentTargetsInParallel = 1;
				LastSwiftUpdateCheck = 1530;
				LastUpgradeCheck = 1530;
				TargetAttributes = {
					069BDF4D2CA59F39000A2126 = {
						CreatedOnToolsVersion = 15.3;
					};
				};
			};
			buildConfigurationList = 069BDF492CA59F39000A2126 /* Build configuration list for PBXProject "DataCollection" */;
			compatibilityVersion = "Xcode 14.0";
			developmentRegion = en;
			hasScannedForEncodings = 0;
			knownRegions = (
				en,
				Base,
			);
			mainGroup = 069BDF452CA59F39000A2126;
			productRefGroup = 069BDF4F2CA59F39000A2126 /* Products */;
			projectDirPath = "";
			projectRoot = "";
			targets = (
				069BDF4D2CA59F39000A2126 /* DataCollection */,
			);
		};
/* End PBXProject section */

/* Begin PBXResourcesBuildPhase section */
		069BDF4C2CA59F39000A2126 /* Resources */ = {
			isa = PBXResourcesBuildPhase;
			buildActionMask = 2147483647;
			files = (
				069BDF592CA59F3A000A2126 /* Preview Assets.xcassets in Resources */,
				069BDF562CA59F3A000A2126 /* Assets.xcassets in Resources */,
				0602460F2CA6580200C063FB /* dc_test.tflite in Resources */,
			);
			runOnlyForDeploymentPostprocessing = 0;
		};
/* End PBXResourcesBuildPhase section */

/* Begin PBXShellScriptBuildPhase section */
		16885086DB032EAFB2ADF57F /* [CP] Check Pods Manifest.lock */ = {
			isa = PBXShellScriptBuildPhase;
			buildActionMask = 2147483647;
			files = (
			);
			inputFileListPaths = (
			);
			inputPaths = (
				"${PODS_PODFILE_DIR_PATH}/Podfile.lock",
				"${PODS_ROOT}/Manifest.lock",
			);
			name = "[CP] Check Pods Manifest.lock";
			outputFileListPaths = (
			);
			outputPaths = (
				"$(DERIVED_FILE_DIR)/Pods-DataCollection-checkManifestLockResult.txt",
			);
			runOnlyForDeploymentPostprocessing = 0;
			shellPath = /bin/sh;
			shellScript = "diff \"${PODS_PODFILE_DIR_PATH}/Podfile.lock\" \"${PODS_ROOT}/Manifest.lock\" > /dev/null\nif [ $? != 0 ] ; then\n    # print error to STDERR\n    echo \"error: The sandbox is not in sync with the Podfile.lock. Run 'pod install' or update your CocoaPods installation.\" >&2\n    exit 1\nfi\n# This output is used by Xcode 'outputs' to avoid re-running this script phase.\necho \"SUCCESS\" > \"${SCRIPT_OUTPUT_FILE_0}\"\n";
			showEnvVarsInLog = 0;
		};
		6D5E51CBB1437E6A308E5A68 /* [CP] Embed Pods Frameworks */ = {
			isa = PBXShellScriptBuildPhase;
			buildActionMask = 2147483647;
			files = (
			);
			inputFileListPaths = (
				"${PODS_ROOT}/Target Support Files/Pods-DataCollection/Pods-DataCollection-frameworks-${CONFIGURATION}-input-files.xcfilelist",
			);
			name = "[CP] Embed Pods Frameworks";
			outputFileListPaths = (
				"${PODS_ROOT}/Target Support Files/Pods-DataCollection/Pods-DataCollection-frameworks-${CONFIGURATION}-output-files.xcfilelist",
			);
			runOnlyForDeploymentPostprocessing = 0;
			shellPath = /bin/sh;
			shellScript = "\"${PODS_ROOT}/Target Support Files/Pods-DataCollection/Pods-DataCollection-frameworks.sh\"\n";
			showEnvVarsInLog = 0;
		};
		F69C22C644F024503005158D /* [CP] Copy Pods Resources */ = {
			isa = PBXShellScriptBuildPhase;
			buildActionMask = 2147483647;
			files = (
			);
			inputFileListPaths = (
				"${PODS_ROOT}/Target Support Files/Pods-DataCollection/Pods-DataCollection-resources-${CONFIGURATION}-input-files.xcfilelist",
			);
			name = "[CP] Copy Pods Resources";
			outputFileListPaths = (
				"${PODS_ROOT}/Target Support Files/Pods-DataCollection/Pods-DataCollection-resources-${CONFIGURATION}-output-files.xcfilelist",
			);
			runOnlyForDeploymentPostprocessing = 0;
			shellPath = /bin/sh;
			shellScript = "\"${PODS_ROOT}/Target Support Files/Pods-DataCollection/Pods-DataCollection-resources.sh\"\n";
			showEnvVarsInLog = 0;
		};
/* End PBXShellScriptBuildPhase section */

/* Begin PBXSourcesBuildPhase section */
		069BDF4A2CA59F39000A2126 /* Sources */ = {
			isa = PBXSourcesBuildPhase;
			buildActionMask = 2147483647;
			files = (
				069BDF7C2CA5A098000A2126 /* CustomViewModifier.swift in Sources */,
				069BDF542CA59F39000A2126 /* ContentView.swift in Sources */,
				069BDF762CA5A064000A2126 /* HomeView.swift in Sources */,
				069BDF722CA5A040000A2126 /* ManageDeviceView.swift in Sources */,
				069BDF7A2CA5A082000A2126 /* FeatureView.swift in Sources */,
				069BDF802CA5A0CB000A2126 /* CollectionList.swift in Sources */,
				069BDF742CA5A049000A2126 /* Log.swift in Sources */,
				069BDF7E2CA5A0BD000A2126 /* CollectionListRepresentable.swift in Sources */,
				069BDF9A2CA5A1D1000A2126 /* CameraViewControlledRepresentable.swift in Sources */,
				069BDF602CA59F9E000A2126 /* TabBarView.swift in Sources */,
				069BDF522CA59F39000A2126 /* DataCollectionApp.swift in Sources */,
				069BDF9C2CA5A1DD000A2126 /* CameraViewController.swift in Sources */,
				069BDF622CA59FB1000A2126 /* PeripheralWrapper.swift in Sources */,
				069BDF822CA5A0E2000A2126 /* BackButtonView.swift in Sources */,
				0602460D2CA653F700C063FB /* TFLiteExtension.swift in Sources */,
				069BDF782CA5A070000A2126 /* HistoryView.swift in Sources */,
				069BDF6C2CA5A00B000A2126 /* OBDIIScanner.swift in Sources */,
				069BDF962CA5A1B2000A2126 /* UIDeviceOrientation.swift in Sources */,
				069BDF982CA5A1C1000A2126 /* ClassificationManager.swift in Sources */,
				069BDF942CA5A19C000A2126 /* BluetoothManager.swift in Sources */,
				069BDF902CA5A175000A2126 /* OBDIIDataManager.swift in Sources */,
				069BDF8C2CA5A15A000A2126 /* SamplingManager.swift in Sources */,
				069BDF862CA5A10D000A2126 /* GyroscopeProvider.swift in Sources */,
				069BDF882CA5A129000A2126 /* GPSProvider.swift in Sources */,
				069BDF6E2CA5A01A000A2126 /* OBDIICommand.swift in Sources */,
				069BDF702CA5A029000A2126 /* MonitorButton.swift in Sources */,
				069BDF662CA59FDD000A2126 /* ParamsView.swift in Sources */,
				069BDF842CA5A0FB000A2126 /* AllDataProvider.swift in Sources */,
				069BDF922CA5A181000A2126 /* CameraManager.swift in Sources */,
				069BDF8A2CA5A13A000A2126 /* AccelerometerProvider.swift in Sources */,
				069BDF9E2CA5A1E8000A2126 /* CameraView.swift in Sources */,
				069BDF642CA59FCC000A2126 /* PeripheralRow.swift in Sources */,
				069BDF682CA59FEC000A2126 /* ParamRow.swift in Sources */,
				069BDF8E2CA5A165000A2126 /* RegularDataManager.swift in Sources */,
				069BDF6A2CA59FFC000A2126 /* paramHandleType.swift in Sources */,
			);
			runOnlyForDeploymentPostprocessing = 0;
		};
/* End PBXSourcesBuildPhase section */

/* Begin XCBuildConfiguration section */
		069BDF5A2CA59F3A000A2126 /* Debug */ = {
			isa = XCBuildConfiguration;
			buildSettings = {
				ALWAYS_SEARCH_USER_PATHS = NO;
				ASSETCATALOG_COMPILER_GENERATE_SWIFT_ASSET_SYMBOL_EXTENSIONS = YES;
				CLANG_ANALYZER_NONNULL = YES;
				CLANG_ANALYZER_NUMBER_OBJECT_CONVERSION = YES_AGGRESSIVE;
				CLANG_CXX_LANGUAGE_STANDARD = "gnu++20";
				CLANG_ENABLE_MODULES = YES;
				CLANG_ENABLE_OBJC_ARC = YES;
				CLANG_ENABLE_OBJC_WEAK = YES;
				CLANG_WARN_BLOCK_CAPTURE_AUTORELEASING = YES;
				CLANG_WARN_BOOL_CONVERSION = YES;
				CLANG_WARN_COMMA = YES;
				CLANG_WARN_CONSTANT_CONVERSION = YES;
				CLANG_WARN_DEPRECATED_OBJC_IMPLEMENTATIONS = YES;
				CLANG_WARN_DIRECT_OBJC_ISA_USAGE = YES_ERROR;
				CLANG_WARN_DOCUMENTATION_COMMENTS = YES;
				CLANG_WARN_EMPTY_BODY = YES;
				CLANG_WARN_ENUM_CONVERSION = YES;
				CLANG_WARN_INFINITE_RECURSION = YES;
				CLANG_WARN_INT_CONVERSION = YES;
				CLANG_WARN_NON_LITERAL_NULL_CONVERSION = YES;
				CLANG_WARN_OBJC_IMPLICIT_RETAIN_SELF = YES;
				CLANG_WARN_OBJC_LITERAL_CONVERSION = YES;
				CLANG_WARN_OBJC_ROOT_CLASS = YES_ERROR;
				CLANG_WARN_QUOTED_INCLUDE_IN_FRAMEWORK_HEADER = YES;
				CLANG_WARN_RANGE_LOOP_ANALYSIS = YES;
				CLANG_WARN_STRICT_PROTOTYPES = YES;
				CLANG_WARN_SUSPICIOUS_MOVE = YES;
				CLANG_WARN_UNGUARDED_AVAILABILITY = YES_AGGRESSIVE;
				CLANG_WARN_UNREACHABLE_CODE = YES;
				CLANG_WARN__DUPLICATE_METHOD_MATCH = YES;
				COPY_PHASE_STRIP = NO;
				DEBUG_INFORMATION_FORMAT = dwarf;
				ENABLE_STRICT_OBJC_MSGSEND = YES;
				ENABLE_TESTABILITY = YES;
				ENABLE_USER_SCRIPT_SANDBOXING = NO;
				GCC_C_LANGUAGE_STANDARD = gnu17;
				GCC_DYNAMIC_NO_PIC = NO;
				GCC_NO_COMMON_BLOCKS = YES;
				GCC_OPTIMIZATION_LEVEL = 0;
				GCC_PREPROCESSOR_DEFINITIONS = (
					"DEBUG=1",
					"$(inherited)",
				);
				GCC_WARN_64_TO_32_BIT_CONVERSION = YES;
				GCC_WARN_ABOUT_RETURN_TYPE = YES_ERROR;
				GCC_WARN_UNDECLARED_SELECTOR = YES;
				GCC_WARN_UNINITIALIZED_AUTOS = YES_AGGRESSIVE;
				GCC_WARN_UNUSED_FUNCTION = YES;
				GCC_WARN_UNUSED_VARIABLE = YES;
				IPHONEOS_DEPLOYMENT_TARGET = 17.4;
				LOCALIZATION_PREFERS_STRING_CATALOGS = YES;
				MTL_ENABLE_DEBUG_INFO = INCLUDE_SOURCE;
				MTL_FAST_MATH = YES;
				ONLY_ACTIVE_ARCH = YES;
				SDKROOT = iphoneos;
				SWIFT_ACTIVE_COMPILATION_CONDITIONS = "DEBUG $(inherited)";
				SWIFT_OPTIMIZATION_LEVEL = "-Onone";
			};
			name = Debug;
		};
		069BDF5B2CA59F3A000A2126 /* Release */ = {
			isa = XCBuildConfiguration;
			buildSettings = {
				ALWAYS_SEARCH_USER_PATHS = NO;
				ASSETCATALOG_COMPILER_GENERATE_SWIFT_ASSET_SYMBOL_EXTENSIONS = YES;
				CLANG_ANALYZER_NONNULL = YES;
				CLANG_ANALYZER_NUMBER_OBJECT_CONVERSION = YES_AGGRESSIVE;
				CLANG_CXX_LANGUAGE_STANDARD = "gnu++20";
				CLANG_ENABLE_MODULES = YES;
				CLANG_ENABLE_OBJC_ARC = YES;
				CLANG_ENABLE_OBJC_WEAK = YES;
				CLANG_WARN_BLOCK_CAPTURE_AUTORELEASING = YES;
				CLANG_WARN_BOOL_CONVERSION = YES;
				CLANG_WARN_COMMA = YES;
				CLANG_WARN_CONSTANT_CONVERSION = YES;
				CLANG_WARN_DEPRECATED_OBJC_IMPLEMENTATIONS = YES;
				CLANG_WARN_DIRECT_OBJC_ISA_USAGE = YES_ERROR;
				CLANG_WARN_DOCUMENTATION_COMMENTS = YES;
				CLANG_WARN_EMPTY_BODY = YES;
				CLANG_WARN_ENUM_CONVERSION = YES;
				CLANG_WARN_INFINITE_RECURSION = YES;
				CLANG_WARN_INT_CONVERSION = YES;
				CLANG_WARN_NON_LITERAL_NULL_CONVERSION = YES;
				CLANG_WARN_OBJC_IMPLICIT_RETAIN_SELF = YES;
				CLANG_WARN_OBJC_LITERAL_CONVERSION = YES;
				CLANG_WARN_OBJC_ROOT_CLASS = YES_ERROR;
				CLANG_WARN_QUOTED_INCLUDE_IN_FRAMEWORK_HEADER = YES;
				CLANG_WARN_RANGE_LOOP_ANALYSIS = YES;
				CLANG_WARN_STRICT_PROTOTYPES = YES;
				CLANG_WARN_SUSPICIOUS_MOVE = YES;
				CLANG_WARN_UNGUARDED_AVAILABILITY = YES_AGGRESSIVE;
				CLANG_WARN_UNREACHABLE_CODE = YES;
				CLANG_WARN__DUPLICATE_METHOD_MATCH = YES;
				COPY_PHASE_STRIP = NO;
				DEBUG_INFORMATION_FORMAT = "dwarf-with-dsym";
				ENABLE_NS_ASSERTIONS = NO;
				ENABLE_STRICT_OBJC_MSGSEND = YES;
				ENABLE_USER_SCRIPT_SANDBOXING = NO;
				GCC_C_LANGUAGE_STANDARD = gnu17;
				GCC_NO_COMMON_BLOCKS = YES;
				GCC_WARN_64_TO_32_BIT_CONVERSION = YES;
				GCC_WARN_ABOUT_RETURN_TYPE = YES_ERROR;
				GCC_WARN_UNDECLARED_SELECTOR = YES;
				GCC_WARN_UNINITIALIZED_AUTOS = YES_AGGRESSIVE;
				GCC_WARN_UNUSED_FUNCTION = YES;
				GCC_WARN_UNUSED_VARIABLE = YES;
				IPHONEOS_DEPLOYMENT_TARGET = 17.4;
				LOCALIZATION_PREFERS_STRING_CATALOGS = YES;
				MTL_ENABLE_DEBUG_INFO = NO;
				MTL_FAST_MATH = YES;
				SDKROOT = iphoneos;
				SWIFT_COMPILATION_MODE = wholemodule;
				VALIDATE_PRODUCT = YES;
			};
			name = Release;
		};
		069BDF5D2CA59F3A000A2126 /* Debug */ = {
			isa = XCBuildConfiguration;
			baseConfigurationReference = 4905B9A3D7438D75228668BB /* Pods-DataCollection.debug.xcconfig */;
			buildSettings = {
				ASSETCATALOG_COMPILER_APPICON_NAME = AppIcon;
				ASSETCATALOG_COMPILER_GLOBAL_ACCENT_COLOR_NAME = AccentColor;
				CODE_SIGN_STYLE = Automatic;
				CURRENT_PROJECT_VERSION = 1;
				DEVELOPMENT_ASSET_PATHS = "\"DataCollection/Preview Content\"";
				DEVELOPMENT_TEAM = 6M6J5G43F4;
				ENABLE_PREVIEWS = YES;
				GENERATE_INFOPLIST_FILE = YES;
				INFOPLIST_FILE = DataCollection/Info.plist;
				INFOPLIST_KEY_NSBluetoothAlwaysUsageDescription = "The app requires bluetooth to connect with OBD2 adapters.";
				INFOPLIST_KEY_NSCameraUsageDescription = "The app requires camera to collect data.";
				INFOPLIST_KEY_NSLocationAlwaysAndWhenInUseUsageDescription = "The app requires location on to gain GPS data.";
				INFOPLIST_KEY_NSLocationAlwaysUsageDescription = "The app requires location on to gain GPS data.";
				INFOPLIST_KEY_NSLocationWhenInUseUsageDescription = "The app requires location on to gain GPS data.";
				INFOPLIST_KEY_UIApplicationSceneManifest_Generation = YES;
				INFOPLIST_KEY_UIApplicationSupportsIndirectInputEvents = YES;
				INFOPLIST_KEY_UILaunchScreen_Generation = YES;
				INFOPLIST_KEY_UISupportedInterfaceOrientations = UIInterfaceOrientationPortrait;
				IPHONEOS_DEPLOYMENT_TARGET = 16.0;
				LD_RUNPATH_SEARCH_PATHS = (
					"$(inherited)",
					"@executable_path/Frameworks",
				);
				MARKETING_VERSION = 1.0;
				PRODUCT_BUNDLE_IDENTIFIER = com.arcadis.mobile.DataCollection;
				PRODUCT_NAME = "$(TARGET_NAME)";
				SWIFT_EMIT_LOC_STRINGS = YES;
				SWIFT_VERSION = 5.0;
				TARGETED_DEVICE_FAMILY = "1,2";
			};
			name = Debug;
		};
		069BDF5E2CA59F3A000A2126 /* Release */ = {
			isa = XCBuildConfiguration;
			baseConfigurationReference = F7EE52A5C0F580679EFDB2D5 /* Pods-DataCollection.release.xcconfig */;
			buildSettings = {
				ASSETCATALOG_COMPILER_APPICON_NAME = AppIcon;
				ASSETCATALOG_COMPILER_GLOBAL_ACCENT_COLOR_NAME = AccentColor;
				CODE_SIGN_STYLE = Automatic;
				CURRENT_PROJECT_VERSION = 1;
				DEVELOPMENT_ASSET_PATHS = "\"DataCollection/Preview Content\"";
				DEVELOPMENT_TEAM = 6M6J5G43F4;
				ENABLE_PREVIEWS = YES;
				GENERATE_INFOPLIST_FILE = YES;
				INFOPLIST_FILE = DataCollection/Info.plist;
				INFOPLIST_KEY_NSBluetoothAlwaysUsageDescription = "The app requires bluetooth to connect with OBD2 adapters.";
				INFOPLIST_KEY_NSCameraUsageDescription = "The app requires camera to collect data.";
				INFOPLIST_KEY_NSLocationAlwaysAndWhenInUseUsageDescription = "The app requires location on to gain GPS data.";
				INFOPLIST_KEY_NSLocationAlwaysUsageDescription = "The app requires location on to gain GPS data.";
				INFOPLIST_KEY_NSLocationWhenInUseUsageDescription = "The app requires location on to gain GPS data.";
				INFOPLIST_KEY_UIApplicationSceneManifest_Generation = YES;
				INFOPLIST_KEY_UIApplicationSupportsIndirectInputEvents = YES;
				INFOPLIST_KEY_UILaunchScreen_Generation = YES;
				INFOPLIST_KEY_UISupportedInterfaceOrientations = UIInterfaceOrientationPortrait;
				IPHONEOS_DEPLOYMENT_TARGET = 16.0;
				LD_RUNPATH_SEARCH_PATHS = (
					"$(inherited)",
					"@executable_path/Frameworks",
				);
				MARKETING_VERSION = 1.0;
				PRODUCT_BUNDLE_IDENTIFIER = com.arcadis.mobile.DataCollection;
				PRODUCT_NAME = "$(TARGET_NAME)";
				SWIFT_EMIT_LOC_STRINGS = YES;
				SWIFT_VERSION = 5.0;
				TARGETED_DEVICE_FAMILY = "1,2";
			};
			name = Release;
		};
/* End XCBuildConfiguration section */

/* Begin XCConfigurationList section */
		069BDF492CA59F39000A2126 /* Build configuration list for PBXProject "DataCollection" */ = {
			isa = XCConfigurationList;
			buildConfigurations = (
				069BDF5A2CA59F3A000A2126 /* Debug */,
				069BDF5B2CA59F3A000A2126 /* Release */,
			);
			defaultConfigurationIsVisible = 0;
			defaultConfigurationName = Release;
		};
		069BDF5C2CA59F3A000A2126 /* Build configuration list for PBXNativeTarget "DataCollection" */ = {
			isa = XCConfigurationList;
			buildConfigurations = (
				069BDF5D2CA59F3A000A2126 /* Debug */,
				069BDF5E2CA59F3A000A2126 /* Release */,
			);
			defaultConfigurationIsVisible = 0;
			defaultConfigurationName = Release;
		};
/* End XCConfigurationList section */
	};
	rootObject = 069BDF462CA59F39000A2126 /* Project object */;
}
